{
  "object": {
    "pins": [
      {
        "package": "Tyre",
        "repositoryURL": "https://github.com/christianampe/tyre.git",
        "state": {
          "branch": "master",
          "revision": "4046b957b90a5947af265925cbf9aa61e4b80ba9",
          "version": null
        }
      }
    ]
  },
  "version": 1
}
