{
  "object": {
    "pins": [
      {
        "package": "Tyre",
        "repositoryURL": "https://github.com/christianampe/tyre.git",
        "state": {
          "branch": "master",
          "revision": "1abe0b390dfdd5087fb0c034380c9840f6c2f473",
          "version": null
        }
      }
    ]
  },
  "version": 1
}
